
Microsoft Visual Studio Solution File, Format Version 12.00
# Visual Studio Version 16
VisualStudioVersion = 16.0.29025.244
MinimumVisualStudioVersion = 10.0.40219.1
Project("{9A19103F-16F7-4668-BE54-9A1E7A4F7556}") = "RoutingPractice", "RoutingPractice\RoutingPractice.csproj", "{1CCEFED3-0FB6-462C-A823-8354C502A4CA}"
EndProject
Project("{2150E333-8FDC-42A3-9474-1A3956D46DE8}") = "Solution Items", "Solution Items", "{21CC586F-224A-4D0A-A273-713BC2A263A1}"
	ProjectSection(SolutionItems) = preProject
		.editorconfig = .editorconfig
	EndProjectSection
EndProject
Global
	GlobalSection(SolutionConfigurationPlatforms) = preSolution
		Debug|Any CPU = Debug|Any CPU
		Release|Any CPU = Release|Any CPU
	EndGlobalSection
	GlobalSection(ProjectConfigurationPlatforms) = postSolution
		{1CCEFED3-0FB6-462C-A823-8354C502A4CA}.Debug|Any CPU.ActiveCfg = Debug|Any CPU
		{1CCEFED3-0FB6-462C-A823-8354C502A4CA}.Debug|Any CPU.Build.0 = Debug|Any CPU
		{1CCEFED3-0FB6-462C-A823-8354C502A4CA}.Release|Any CPU.ActiveCfg = Release|Any CPU
		{1CCEFED3-0FB6-462C-A823-8354C502A4CA}.Release|Any CPU.Build.0 = Release|Any CPU
	EndGlobalSection
	GlobalSection(SolutionProperties) = preSolution
		HideSolutionNode = FALSE
	EndGlobalSection
	GlobalSection(ExtensibilityGlobals) = postSolution
		SolutionGuid = {820F87A2-FD20-4504-B23C-61531FC2D68F}
	EndGlobalSection
EndGlobal
